{
  "version": 4,
  "terraform_version": "1.7.0",
  "serial": 199,
  "lineage": "6663edd4-7079-b14a-7d94-d78e4a2f6d5d",
  "outputs": {
    "api_url": {
      "value": "https://9yh6hb6ofc.execute-api.us-east-2.amazonaws.com/prod",
      "type": "string"
    },
    "sns_topic_arn": {
      "value": "arn:aws:sns:us-east-2:864981735718:event-announcement-topic",
      "type": "string"
    },
    "website_url": {
      "value": "http://event-announcement-website-kelechi.s3-website.us-east-2.amazonaws.com",
      "type": "string"
    }
  },
  "resources": [
    {
      "module": "module.api_gateway",
      "mode": "managed",
      "type": "aws_api_gateway_deployment",
      "name": "deployment",
      "provider": "provider[\"registry.terraform.io/hashicorp/aws\"]",
      "instances": [
        {
          "schema_version": 0,
          "attributes": {
            "created_date": "2025-06-23T19:02:24Z",
            "description": "Deployment with correct CORS",
            "id": "tm0u99",
            "region": "us-east-2",
            "rest_api_id": "9yh6hb6ofc",
            "triggers": null,
            "variables": null
          },
          "sensitive_attributes": [],
          "private": "bnVsbA==",
          "dependencies": [
            "module.api_gateway.aws_api_gateway_integration.create_event_lambda",
            "module.api_gateway.aws_api_gateway_integration.create_event_options",
            "module.api_gateway.aws_api_gateway_integration.subscribe_lambda",
            "module.api_gateway.aws_api_gateway_integration.subscribe_options",
            "module.api_gateway.aws_api_gateway_integration_response.create_event_options_integration_response",
            "module.api_gateway.aws_api_gateway_integration_response.subscribe_options_integration_response",
            "module.api_gateway.aws_api_gateway_method.create_event_options",
            "module.api_gateway.aws_api_gateway_method.create_event_post",
            "module.api_gateway.aws_api_gateway_method.subscribe_options",
            "module.api_gateway.aws_api_gateway_method.subscribe_post",
            "module.api_gateway.aws_api_gateway_method_response.create_event_options_response",
            "module.api_gateway.aws_api_gateway_method_response.subscribe_options_response",
            "module.api_gateway.aws_api_gateway_resource.create_event",
            "module.api_gateway.aws_api_gateway_resource.subscribe",
            "module.api_gateway.aws_api_gateway_rest_api.api",
            "module.lambda_create_event.aws_iam_role.lambda_exec",
            "module.lambda_create_event.aws_lambda_function.lambda_func",
            "module.lambda_subscribe.aws_iam_role.lambda_exec",
            "module.lambda_subscribe.aws_lambda_function.lambda_func",
            "module.sns.aws_sns_topic.event_topic"
          ]
        }
      ]
    },
    {
      "module": "module.api_gateway",
      "mode": "managed",
      "type": "aws_api_gateway_integration",
      "name": "create_event_lambda",
      "provider": "provider[\"registry.terraform.io/hashicorp/aws\"]",
      "instances": [
        {
          "schema_version": 0,
          "attributes": {
            "cache_key_parameters": [],
            "cache_namespace": "qf5xnj",
            "connection_id": "",
            "connection_type": "INTERNET",
            "content_handling": "",
            "credentials": "",
            "http_method": "POST",
            "id": "agi-9yh6hb6ofc-qf5xnj-POST",
            "integration_http_method": "POST",
            "passthrough_behavior": "WHEN_NO_MATCH",
            "region": "us-east-2",
            "request_parameters": {},
            "request_templates": {},
            "resource_id": "qf5xnj",
            "rest_api_id": "9yh6hb6ofc",
            "timeout_milliseconds": 29000,
            "tls_config": [],
            "type": "AWS_PROXY",
            "uri": "arn:aws:apigateway:us-east-2:lambda:path/2015-03-31/functions/arn:aws:lambda:us-east-2:864981735718:function:CreateEventHandler/invocations"
          },
          "sensitive_attributes": [],
          "private": "bnVsbA==",
          "dependencies": [
            "module.api_gateway.aws_api_gateway_method.create_event_post",
            "module.api_gateway.aws_api_gateway_resource.create_event",
            "module.api_gateway.aws_api_gateway_rest_api.api",
            "module.lambda_create_event.aws_iam_role.lambda_exec",
            "module.lambda_create_event.aws_lambda_function.lambda_func",
            "module.sns.aws_sns_topic.event_topic"
          ]
        }
      ]
    },
    {
      "module": "module.api_gateway",
      "mode": "managed",
      "type": "aws_api_gateway_integration",
      "name": "create_event_options",
      "provider": "provider[\"registry.terraform.io/hashicorp/aws\"]",
      "instances": [
        {
          "schema_version": 0,
          "attributes": {
            "cache_key_parameters": [],
            "cache_namespace": "qf5xnj",
            "connection_id": "",
            "connection_type": "INTERNET",
            "content_handling": "",
            "credentials": "",
            "http_method": "OPTIONS",
            "id": "agi-9yh6hb6ofc-qf5xnj-OPTIONS",
            "integration_http_method": "",
            "passthrough_behavior": "WHEN_NO_MATCH",
            "region": "us-east-2",
            "request_parameters": {},
            "request_templates": {
              "application/json": "{\"statusCode\": 200}"
            },
            "resource_id": "qf5xnj",
            "rest_api_id": "9yh6hb6ofc",
            "timeout_milliseconds": 29000,
            "tls_config": [],
            "type": "MOCK",
            "uri": ""
          },
          "sensitive_attributes": [],
          "private": "bnVsbA==",
          "dependencies": [
            "module.api_gateway.aws_api_gateway_method.create_event_options",
            "module.api_gateway.aws_api_gateway_resource.create_event",
            "module.api_gateway.aws_api_gateway_rest_api.api"
          ]
        }
      ]
    },
    {
      "module": "module.api_gateway",
      "mode": "managed",
      "type": "aws_api_gateway_integration",
      "name": "subscribe_lambda",
      "provider": "provider[\"registry.terraform.io/hashicorp/aws\"]",
      "instances": [
        {
          "schema_version": 0,
          "attributes": {
            "cache_key_parameters": [],
            "cache_namespace": "92vvm9",
            "connection_id": "",
            "connection_type": "INTERNET",
            "content_handling": "",
            "credentials": "",
            "http_method": "POST",
            "id": "agi-9yh6hb6ofc-92vvm9-POST",
            "integration_http_method": "POST",
            "passthrough_behavior": "WHEN_NO_MATCH",
            "region": "us-east-2",
            "request_parameters": {},
            "request_templates": {},
            "resource_id": "92vvm9",
            "rest_api_id": "9yh6hb6ofc",
            "timeout_milliseconds": 29000,
            "tls_config": [],
            "type": "AWS_PROXY",
            "uri": "arn:aws:apigateway:us-east-2:lambda:path/2015-03-31/functions/arn:aws:lambda:us-east-2:864981735718:function:SubscribeHandler/invocations"
          },
          "sensitive_attributes": [],
          "private": "bnVsbA==",
          "dependencies": [
            "module.api_gateway.aws_api_gateway_method.subscribe_post",
            "module.api_gateway.aws_api_gateway_resource.subscribe",
            "module.api_gateway.aws_api_gateway_rest_api.api",
            "module.lambda_subscribe.aws_iam_role.lambda_exec",
            "module.lambda_subscribe.aws_lambda_function.lambda_func",
            "module.sns.aws_sns_topic.event_topic"
          ]
        }
      ]
    },
    {
      "module": "module.api_gateway",
      "mode": "managed",
      "type": "aws_api_gateway_integration",
      "name": "subscribe_options",
      "provider": "provider[\"registry.terraform.io/hashicorp/aws\"]",
      "instances": [
        {
          "schema_version": 0,
          "attributes": {
            "cache_key_parameters": [],
            "cache_namespace": "92vvm9",
            "connection_id": "",
            "connection_type": "INTERNET",
            "content_handling": "",
            "credentials": "",
            "http_method": "OPTIONS",
            "id": "agi-9yh6hb6ofc-92vvm9-OPTIONS",
            "integration_http_method": "",
            "passthrough_behavior": "WHEN_NO_MATCH",
            "region": "us-east-2",
            "request_parameters": {},
            "request_templates": {
              "application/json": "{\"statusCode\": 200}"
            },
            "resource_id": "92vvm9",
            "rest_api_id": "9yh6hb6ofc",
            "timeout_milliseconds": 29000,
            "tls_config": [],
            "type": "MOCK",
            "uri": ""
          },
          "sensitive_attributes": [],
          "private": "bnVsbA==",
          "dependencies": [
            "module.api_gateway.aws_api_gateway_method.subscribe_options",
            "module.api_gateway.aws_api_gateway_resource.subscribe",
            "module.api_gateway.aws_api_gateway_rest_api.api"
          ]
        }
      ]
    },
    {
      "module": "module.api_gateway",
      "mode": "managed",
      "type": "aws_api_gateway_integration_response",
      "name": "create_event_options_integration_response",
      "provider": "provider[\"registry.terraform.io/hashicorp/aws\"]",
      "instances": [
        {
          "schema_version": 0,
          "attributes": {
            "content_handling": "",
            "http_method": "OPTIONS",
            "id": "agir-9yh6hb6ofc-qf5xnj-OPTIONS-200",
            "region": "us-east-2",
            "resource_id": "qf5xnj",
            "response_parameters": {
              "method.response.header.Access-Control-Allow-Headers": "'Content-Type,X-Amz-Date,Authorization,X-Api-Key'",
              "method.response.header.Access-Control-Allow-Methods": "'OPTIONS,POST'",
              "method.response.header.Access-Control-Allow-Origin": "'*'"
            },
            "response_templates": {},
            "rest_api_id": "9yh6hb6ofc",
            "selection_pattern": "",
            "status_code": "200"
          },
          "sensitive_attributes": [],
          "private": "bnVsbA==",
          "dependencies": [
            "module.api_gateway.aws_api_gateway_integration.create_event_options",
            "module.api_gateway.aws_api_gateway_method.create_event_options",
            "module.api_gateway.aws_api_gateway_resource.create_event",
            "module.api_gateway.aws_api_gateway_rest_api.api"
          ]
        }
      ]
    },
    {
      "module": "module.api_gateway",
      "mode": "managed",
      "type": "aws_api_gateway_integration_response",
      "name": "subscribe_options_integration_response",
      "provider": "provider[\"registry.terraform.io/hashicorp/aws\"]",
      "instances": [
        {
          "schema_version": 0,
          "attributes": {
            "content_handling": "",
            "http_method": "OPTIONS",
            "id": "agir-9yh6hb6ofc-92vvm9-OPTIONS-200",
            "region": "us-east-2",
            "resource_id": "92vvm9",
            "response_parameters": {
              "method.response.header.Access-Control-Allow-Headers": "'Content-Type,X-Amz-Date,Authorization,X-Api-Key'",
              "method.response.header.Access-Control-Allow-Methods": "'OPTIONS,POST'",
              "method.response.header.Access-Control-Allow-Origin": "'*'"
            },
            "response_templates": {},
            "rest_api_id": "9yh6hb6ofc",
            "selection_pattern": "",
            "status_code": "200"
          },
          "sensitive_attributes": [],
          "private": "bnVsbA==",
          "dependencies": [
            "module.api_gateway.aws_api_gateway_integration.subscribe_options",
            "module.api_gateway.aws_api_gateway_method.subscribe_options",
            "module.api_gateway.aws_api_gateway_resource.subscribe",
            "module.api_gateway.aws_api_gateway_rest_api.api"
          ]
        }
      ]
    },
    {
      "module": "module.api_gateway",
      "mode": "managed",
      "type": "aws_api_gateway_method",
      "name": "create_event_options",
      "provider": "provider[\"registry.terraform.io/hashicorp/aws\"]",
      "instances": [
        {
          "schema_version": 0,
          "attributes": {
            "api_key_required": false,
            "authorization": "NONE",
            "authorization_scopes": [],
            "authorizer_id": "",
            "http_method": "OPTIONS",
            "id": "agm-9yh6hb6ofc-qf5xnj-OPTIONS",
            "operation_name": "",
            "region": "us-east-2",
            "request_models": {},
            "request_parameters": {},
            "request_validator_id": "",
            "resource_id": "qf5xnj",
            "rest_api_id": "9yh6hb6ofc"
          },
          "sensitive_attributes": [],
          "private": "bnVsbA==",
          "dependencies": [
            "module.api_gateway.aws_api_gateway_resource.create_event",
            "module.api_gateway.aws_api_gateway_rest_api.api"
          ]
        }
      ]
    },
    {
      "module": "module.api_gateway",
      "mode": "managed",
      "type": "aws_api_gateway_method",
      "name": "create_event_post",
      "provider": "provider[\"registry.terraform.io/hashicorp/aws\"]",
      "instances": [
        {
          "schema_version": 0,
          "attributes": {
            "api_key_required": false,
            "authorization": "NONE",
            "authorization_scopes": [],
            "authorizer_id": "",
            "http_method": "POST",
            "id": "agm-9yh6hb6ofc-qf5xnj-POST",
            "operation_name": "",
            "region": "us-east-2",
            "request_models": {},
            "request_parameters": {},
            "request_validator_id": "",
            "resource_id": "qf5xnj",
            "rest_api_id": "9yh6hb6ofc"
          },
          "sensitive_attributes": [],
          "private": "bnVsbA==",
          "dependencies": [
            "module.api_gateway.aws_api_gateway_resource.create_event",
            "module.api_gateway.aws_api_gateway_rest_api.api"
          ]
        }
      ]
    },
    {
      "module": "module.api_gateway",
      "mode": "managed",
      "type": "aws_api_gateway_method",
      "name": "subscribe_options",
      "provider": "provider[\"registry.terraform.io/hashicorp/aws\"]",
      "instances": [
        {
          "schema_version": 0,
          "attributes": {
            "api_key_required": false,
            "authorization": "NONE",
            "authorization_scopes": [],
            "authorizer_id": "",
            "http_method": "OPTIONS",
            "id": "agm-9yh6hb6ofc-92vvm9-OPTIONS",
            "operation_name": "",
            "region": "us-east-2",
            "request_models": {},
            "request_parameters": {},
            "request_validator_id": "",
            "resource_id": "92vvm9",
            "rest_api_id": "9yh6hb6ofc"
          },
          "sensitive_attributes": [],
          "private": "bnVsbA==",
          "dependencies": [
            "module.api_gateway.aws_api_gateway_resource.subscribe",
            "module.api_gateway.aws_api_gateway_rest_api.api"
          ]
        }
      ]
    },
    {
      "module": "module.api_gateway",
      "mode": "managed",
      "type": "aws_api_gateway_method",
      "name": "subscribe_post",
      "provider": "provider[\"registry.terraform.io/hashicorp/aws\"]",
      "instances": [
        {
          "schema_version": 0,
          "attributes": {
            "api_key_required": false,
            "authorization": "NONE",
            "authorization_scopes": [],
            "authorizer_id": "",
            "http_method": "POST",
            "id": "agm-9yh6hb6ofc-92vvm9-POST",
            "operation_name": "",
            "region": "us-east-2",
            "request_models": {},
            "request_parameters": {},
            "request_validator_id": "",
            "resource_id": "92vvm9",
            "rest_api_id": "9yh6hb6ofc"
          },
          "sensitive_attributes": [],
          "private": "bnVsbA==",
          "dependencies": [
            "module.api_gateway.aws_api_gateway_resource.subscribe",
            "module.api_gateway.aws_api_gateway_rest_api.api"
          ]
        }
      ]
    },
    {
      "module": "module.api_gateway",
      "mode": "managed",
      "type": "aws_api_gateway_method_response",
      "name": "create_event_options_response",
      "provider": "provider[\"registry.terraform.io/hashicorp/aws\"]",
      "instances": [
        {
          "schema_version": 0,
          "attributes": {
            "http_method": "OPTIONS",
            "id": "agmr-9yh6hb6ofc-qf5xnj-OPTIONS-200",
            "region": "us-east-2",
            "resource_id": "qf5xnj",
            "response_models": {},
            "response_parameters": {
              "method.response.header.Access-Control-Allow-Headers": true,
              "method.response.header.Access-Control-Allow-Methods": true,
              "method.response.header.Access-Control-Allow-Origin": true
            },
            "rest_api_id": "9yh6hb6ofc",
            "status_code": "200"
          },
          "sensitive_attributes": [],
          "private": "bnVsbA==",
          "dependencies": [
            "module.api_gateway.aws_api_gateway_method.create_event_options",
            "module.api_gateway.aws_api_gateway_resource.create_event",
            "module.api_gateway.aws_api_gateway_rest_api.api"
          ]
        }
      ]
    },
    {
      "module": "module.api_gateway",
      "mode": "managed",
      "type": "aws_api_gateway_method_response",
      "name": "subscribe_options_response",
      "provider": "provider[\"registry.terraform.io/hashicorp/aws\"]",
      "instances": [
        {
          "schema_version": 0,
          "attributes": {
            "http_method": "OPTIONS",
            "id": "agmr-9yh6hb6ofc-92vvm9-OPTIONS-200",
            "region": "us-east-2",
            "resource_id": "92vvm9",
            "response_models": {},
            "response_parameters": {
              "method.response.header.Access-Control-Allow-Headers": true,
              "method.response.header.Access-Control-Allow-Methods": true,
              "method.response.header.Access-Control-Allow-Origin": true
            },
            "rest_api_id": "9yh6hb6ofc",
            "status_code": "200"
          },
          "sensitive_attributes": [],
          "private": "bnVsbA==",
          "dependencies": [
            "module.api_gateway.aws_api_gateway_method.subscribe_options",
            "module.api_gateway.aws_api_gateway_resource.subscribe",
            "module.api_gateway.aws_api_gateway_rest_api.api"
          ]
        }
      ]
    },
    {
      "module": "module.api_gateway",
      "mode": "managed",
      "type": "aws_api_gateway_resource",
      "name": "create_event",
      "provider": "provider[\"registry.terraform.io/hashicorp/aws\"]",
      "instances": [
        {
          "schema_version": 0,
          "attributes": {
            "id": "qf5xnj",
            "parent_id": "t2pu7c4yi4",
            "path": "/create-event",
            "path_part": "create-event",
            "region": "us-east-2",
            "rest_api_id": "9yh6hb6ofc"
          },
          "sensitive_attributes": [],
          "private": "bnVsbA==",
          "dependencies": [
            "module.api_gateway.aws_api_gateway_rest_api.api"
          ]
        }
      ]
    },
    {
      "module": "module.api_gateway",
      "mode": "managed",
      "type": "aws_api_gateway_resource",
      "name": "subscribe",
      "provider": "provider[\"registry.terraform.io/hashicorp/aws\"]",
      "instances": [
        {
          "schema_version": 0,
          "attributes": {
            "id": "92vvm9",
            "parent_id": "t2pu7c4yi4",
            "path": "/subscribe",
            "path_part": "subscribe",
            "region": "us-east-2",
            "rest_api_id": "9yh6hb6ofc"
          },
          "sensitive_attributes": [],
          "private": "bnVsbA==",
          "dependencies": [
            "module.api_gateway.aws_api_gateway_rest_api.api"
          ]
        }
      ]
    },
    {
      "module": "module.api_gateway",
      "mode": "managed",
      "type": "aws_api_gateway_rest_api",
      "name": "api",
      "provider": "provider[\"registry.terraform.io/hashicorp/aws\"]",
      "instances": [
        {
          "schema_version": 0,
          "attributes": {
            "api_key_source": "HEADER",
            "arn": "arn:aws:apigateway:us-east-2::/restapis/9yh6hb6ofc",
            "binary_media_types": [],
            "body": null,
            "created_date": "2025-06-23T19:02:01Z",
            "description": "",
            "disable_execute_api_endpoint": false,
            "endpoint_configuration": [
              {
                "ip_address_type": "ipv4",
                "types": [
                  "EDGE"
                ],
                "vpc_endpoint_ids": []
              }
            ],
            "execution_arn": "arn:aws:execute-api:us-east-2:864981735718:9yh6hb6ofc",
            "fail_on_warnings": null,
            "id": "9yh6hb6ofc",
            "minimum_compression_size": "",
            "name": "EventAnnouncementAPI",
            "parameters": null,
            "policy": "",
            "put_rest_api_mode": null,
            "region": "us-east-2",
            "root_resource_id": "t2pu7c4yi4",
            "tags": {
              "Environment": "production",
              "Project": "EventAnnouncementSystem"
            },
            "tags_all": {
              "Environment": "production",
              "Project": "EventAnnouncementSystem"
            }
          },
          "sensitive_attributes": [],
          "private": "bnVsbA=="
        }
      ]
    },
    {
      "module": "module.api_gateway",
      "mode": "managed",
      "type": "aws_api_gateway_stage",
      "name": "stage",
      "provider": "provider[\"registry.terraform.io/hashicorp/aws\"]",
      "instances": [
        {
          "schema_version": 0,
          "attributes": {
            "access_log_settings": [],
            "arn": "arn:aws:apigateway:us-east-2::/restapis/9yh6hb6ofc/stages/prod",
            "cache_cluster_enabled": false,
            "cache_cluster_size": "",
            "canary_settings": [],
            "client_certificate_id": "",
            "deployment_id": "tm0u99",
            "description": "",
            "documentation_version": "",
            "execution_arn": "arn:aws:execute-api:us-east-2:864981735718:9yh6hb6ofc/prod",
            "id": "ags-9yh6hb6ofc-prod",
            "invoke_url": "https://9yh6hb6ofc.execute-api.us-east-2.amazonaws.com/prod",
            "region": "us-east-2",
            "rest_api_id": "9yh6hb6ofc",
            "stage_name": "prod",
            "tags": {
              "Environment": "production",
              "Project": "EventAnnouncementSystem"
            },
            "tags_all": {
              "Environment": "production",
              "Project": "EventAnnouncementSystem"
            },
            "variables": {},
            "web_acl_arn": "",
            "xray_tracing_enabled": false
          },
          "sensitive_attributes": [],
          "private": "bnVsbA==",
          "dependencies": [
            "module.api_gateway.aws_api_gateway_deployment.deployment",
            "module.api_gateway.aws_api_gateway_integration.create_event_lambda",
            "module.api_gateway.aws_api_gateway_integration.create_event_options",
            "module.api_gateway.aws_api_gateway_integration.subscribe_lambda",
            "module.api_gateway.aws_api_gateway_integration.subscribe_options",
            "module.api_gateway.aws_api_gateway_integration_response.create_event_options_integration_response",
            "module.api_gateway.aws_api_gateway_integration_response.subscribe_options_integration_response",
            "module.api_gateway.aws_api_gateway_method.create_event_options",
            "module.api_gateway.aws_api_gateway_method.create_event_post",
            "module.api_gateway.aws_api_gateway_method.subscribe_options",
            "module.api_gateway.aws_api_gateway_method.subscribe_post",
            "module.api_gateway.aws_api_gateway_method_response.create_event_options_response",
            "module.api_gateway.aws_api_gateway_method_response.subscribe_options_response",
            "module.api_gateway.aws_api_gateway_resource.create_event",
            "module.api_gateway.aws_api_gateway_resource.subscribe",
            "module.api_gateway.aws_api_gateway_rest_api.api",
            "module.lambda_create_event.aws_iam_role.lambda_exec",
            "module.lambda_create_event.aws_lambda_function.lambda_func",
            "module.lambda_subscribe.aws_iam_role.lambda_exec",
            "module.lambda_subscribe.aws_lambda_function.lambda_func",
            "module.sns.aws_sns_topic.event_topic"
          ]
        }
      ]
    },
    {
      "module": "module.api_gateway",
      "mode": "managed",
      "type": "aws_lambda_permission",
      "name": "allow_api_gateway_create_event",
      "provider": "provider[\"registry.terraform.io/hashicorp/aws\"]",
      "instances": [
        {
          "schema_version": 0,
          "attributes": {
            "action": "lambda:InvokeFunction",
            "event_source_token": null,
            "function_name": "CreateEventHandler",
            "function_url_auth_type": null,
            "id": "AllowAPIGatewayInvokeCreateEvent",
            "principal": "apigateway.amazonaws.com",
            "principal_org_id": null,
            "qualifier": "",
            "region": "us-east-2",
            "source_account": null,
            "source_arn": "arn:aws:execute-api:us-east-2:864981735718:9yh6hb6ofc/*/POST/create-event",
            "statement_id": "AllowAPIGatewayInvokeCreateEvent",
            "statement_id_prefix": ""
          },
          "sensitive_attributes": [],
          "private": "bnVsbA==",
          "dependencies": [
            "module.api_gateway.aws_api_gateway_rest_api.api",
            "module.lambda_create_event.aws_iam_role.lambda_exec",
            "module.lambda_create_event.aws_lambda_function.lambda_func",
            "module.sns.aws_sns_topic.event_topic"
          ]
        }
      ]
    },
    {
      "module": "module.api_gateway",
      "mode": "managed",
      "type": "aws_lambda_permission",
      "name": "allow_api_gateway_subscribe",
      "provider": "provider[\"registry.terraform.io/hashicorp/aws\"]",
      "instances": [
        {
          "schema_version": 0,
          "attributes": {
            "action": "lambda:InvokeFunction",
            "event_source_token": null,
            "function_name": "SubscribeHandler",
            "function_url_auth_type": null,
            "id": "AllowAPIGatewayInvokeSubscribe",
            "principal": "apigateway.amazonaws.com",
            "principal_org_id": null,
            "qualifier": "",
            "region": "us-east-2",
            "source_account": null,
            "source_arn": "arn:aws:execute-api:us-east-2:864981735718:9yh6hb6ofc/*/POST/subscribe",
            "statement_id": "AllowAPIGatewayInvokeSubscribe",
            "statement_id_prefix": ""
          },
          "sensitive_attributes": [],
          "private": "bnVsbA==",
          "dependencies": [
            "module.api_gateway.aws_api_gateway_rest_api.api",
            "module.lambda_subscribe.aws_iam_role.lambda_exec",
            "module.lambda_subscribe.aws_lambda_function.lambda_func",
            "module.sns.aws_sns_topic.event_topic"
          ]
        }
      ]
    },
    {
      "module": "module.lambda_create_event",
      "mode": "managed",
      "type": "aws_iam_role",
      "name": "lambda_exec",
      "provider": "provider[\"registry.terraform.io/hashicorp/aws\"]",
      "instances": [
        {
          "schema_version": 0,
          "attributes": {
            "arn": "arn:aws:iam::864981735718:role/CreateEventHandler_exec_role",
            "assume_role_policy": "{\"Statement\":[{\"Action\":\"sts:AssumeRole\",\"Effect\":\"Allow\",\"Principal\":{\"Service\":\"lambda.amazonaws.com\"}}],\"Version\":\"2012-10-17\"}",
            "create_date": "2025-06-23T19:02:01Z",
            "description": "",
            "force_detach_policies": false,
            "id": "CreateEventHandler_exec_role",
            "inline_policy": [
              {
                "name": "CreateEventHandler_sns_publish_policy",
                "policy": "{\"Version\":\"2012-10-17\",\"Statement\":[{\"Action\":[\"sns:*\"],\"Effect\":\"Allow\",\"Resource\":\"arn:aws:sns:us-east-2:864981735718:event-announcement-topic\",\"Sid\":\"AllowSNSPublish\"}]}"
              }
            ],
            "managed_policy_arns": [
              "arn:aws:iam::aws:policy/service-role/AWSLambdaBasicExecutionRole"
            ],
            "max_session_duration": 3600,
            "name": "CreateEventHandler_exec_role",
            "name_prefix": "",
            "path": "/",
            "permissions_boundary": "",
            "tags": {
              "Environment": "production",
              "Project": "EventAnnouncementSystem"
            },
            "tags_all": {
              "Environment": "production",
              "Project": "EventAnnouncementSystem"
            },
            "unique_id": "AROA4SZHN3ETPJC7QLBOF"
          },
          "sensitive_attributes": [],
          "private": "bnVsbA=="
        }
      ]
    },
    {
      "module": "module.lambda_create_event",
      "mode": "managed",
      "type": "aws_iam_role_policy",
      "name": "sns_publish_policy",
      "provider": "provider[\"registry.terraform.io/hashicorp/aws\"]",
      "instances": [
        {
          "schema_version": 0,
          "attributes": {
            "id": "CreateEventHandler_exec_role:CreateEventHandler_sns_publish_policy",
            "name": "CreateEventHandler_sns_publish_policy",
            "name_prefix": "",
            "policy": "{\"Version\":\"2012-10-17\",\"Statement\":[{\"Action\":[\"sns:*\"],\"Effect\":\"Allow\",\"Resource\":\"arn:aws:sns:us-east-2:864981735718:event-announcement-topic\",\"Sid\":\"AllowSNSPublish\"}]}",
            "role": "CreateEventHandler_exec_role"
          },
          "sensitive_attributes": [],
          "private": "bnVsbA==",
          "dependencies": [
            "module.lambda_create_event.aws_iam_role.lambda_exec",
            "module.sns.aws_sns_topic.event_topic"
          ]
        }
      ]
    },
    {
      "module": "module.lambda_create_event",
      "mode": "managed",
      "type": "aws_iam_role_policy_attachment",
      "name": "lambda_basic_exec",
      "provider": "provider[\"registry.terraform.io/hashicorp/aws\"]",
      "instances": [
        {
          "schema_version": 0,
          "attributes": {
            "id": "CreateEventHandler_exec_role-20250623190203042200000002",
            "policy_arn": "arn:aws:iam::aws:policy/service-role/AWSLambdaBasicExecutionRole",
            "role": "CreateEventHandler_exec_role"
          },
          "sensitive_attributes": [],
          "private": "bnVsbA==",
          "dependencies": [
            "module.lambda_create_event.aws_iam_role.lambda_exec"
          ]
        }
      ]
    },
    {
      "module": "module.lambda_create_event",
      "mode": "managed",
      "type": "aws_lambda_function",
      "name": "lambda_func",
      "provider": "provider[\"registry.terraform.io/hashicorp/aws\"]",
      "instances": [
        {
          "schema_version": 0,
          "attributes": {
            "architectures": [
              "x86_64"
            ],
            "arn": "arn:aws:lambda:us-east-2:864981735718:function:CreateEventHandler",
            "code_sha256": "kMujcoHQ+NUH0GHj3sCr/P6b484uFfyJPoalTr6Q8mI=",
            "code_signing_config_arn": "",
            "dead_letter_config": [],
            "description": "",
            "environment": [
              {
                "variables": {
                  "SNS_TOPIC_ARN": "arn:aws:sns:us-east-2:864981735718:event-announcement-topic"
                }
              }
            ],
            "ephemeral_storage": [
              {
                "size": 512
              }
            ],
            "file_system_config": [],
            "filename": "./lambda/create-event/create-event.zip",
            "function_name": "CreateEventHandler",
            "handler": "index.createEventHandler",
            "id": "CreateEventHandler",
            "image_config": [],
            "image_uri": "",
            "invoke_arn": "arn:aws:apigateway:us-east-2:lambda:path/2015-03-31/functions/arn:aws:lambda:us-east-2:864981735718:function:CreateEventHandler/invocations",
            "kms_key_arn": "",
            "last_modified": "2025-06-23T19:02:08.378+0000",
            "layers": [],
            "logging_config": [
              {
                "application_log_level": "",
                "log_format": "Text",
                "log_group": "/aws/lambda/CreateEventHandler",
                "system_log_level": ""
              }
            ],
            "memory_size": 128,
            "package_type": "Zip",
            "publish": false,
            "qualified_arn": "arn:aws:lambda:us-east-2:864981735718:function:CreateEventHandler:$LATEST",
            "qualified_invoke_arn": "arn:aws:apigateway:us-east-2:lambda:path/2015-03-31/functions/arn:aws:lambda:us-east-2:864981735718:function:CreateEventHandler:$LATEST/invocations",
            "region": "us-east-2",
            "replace_security_groups_on_destroy": null,
            "replacement_security_group_ids": null,
            "reserved_concurrent_executions": -1,
            "role": "arn:aws:iam::864981735718:role/CreateEventHandler_exec_role",
            "runtime": "nodejs16.x",
            "s3_bucket": null,
            "s3_key": null,
            "s3_object_version": null,
            "signing_job_arn": "",
            "signing_profile_version_arn": "",
            "skip_destroy": false,
            "snap_start": [],
            "source_code_hash": "kMujcoHQ+NUH0GHj3sCr/P6b484uFfyJPoalTr6Q8mI=",
            "source_code_size": 714,
            "tags": {
              "Environment": "production",
              "Project": "EventAnnouncementSystem"
            },
            "tags_all": {
              "Environment": "production",
              "Project": "EventAnnouncementSystem"
            },
            "timeout": 3,
            "timeouts": null,
            "tracing_config": [
              {
                "mode": "PassThrough"
              }
            ],
            "version": "$LATEST",
            "vpc_config": []
          },
          "sensitive_attributes": [],
          "private": "eyJlMmJmYjczMC1lY2FhLTExZTYtOGY4OC0zNDM2M2JjN2M0YzAiOnsiY3JlYXRlIjo2MDAwMDAwMDAwMDAsImRlbGV0ZSI6NjAwMDAwMDAwMDAwLCJ1cGRhdGUiOjYwMDAwMDAwMDAwMH19",
          "dependencies": [
            "module.lambda_create_event.aws_iam_role.lambda_exec",
            "module.sns.aws_sns_topic.event_topic"
          ]
        }
      ]
    },
    {
      "module": "module.lambda_subscribe",
      "mode": "managed",
      "type": "aws_iam_role",
      "name": "lambda_exec",
      "provider": "provider[\"registry.terraform.io/hashicorp/aws\"]",
      "instances": [
        {
          "schema_version": 0,
          "attributes": {
            "arn": "arn:aws:iam::864981735718:role/SubscribeHandler_exec_role",
            "assume_role_policy": "{\"Statement\":[{\"Action\":\"sts:AssumeRole\",\"Effect\":\"Allow\",\"Principal\":{\"Service\":\"lambda.amazonaws.com\"}}],\"Version\":\"2012-10-17\"}",
            "create_date": "2025-06-23T19:02:01Z",
            "description": "",
            "force_detach_policies": false,
            "id": "SubscribeHandler_exec_role",
            "inline_policy": [
              {
                "name": "SubscribeHandler_sns_publish_policy",
                "policy": "{\"Version\":\"2012-10-17\",\"Statement\":[{\"Action\":[\"sns:*\"],\"Effect\":\"Allow\",\"Resource\":\"arn:aws:sns:us-east-2:864981735718:event-announcement-topic\",\"Sid\":\"AllowSNSPublish\"}]}"
              }
            ],
            "managed_policy_arns": [
              "arn:aws:iam::aws:policy/service-role/AWSLambdaBasicExecutionRole"
            ],
            "max_session_duration": 3600,
            "name": "SubscribeHandler_exec_role",
            "name_prefix": "",
            "path": "/",
            "permissions_boundary": "",
            "tags": {
              "Environment": "production",
              "Project": "EventAnnouncementSystem"
            },
            "tags_all": {
              "Environment": "production",
              "Project": "EventAnnouncementSystem"
            },
            "unique_id": "AROA4SZHN3ETCYIKLBQ5X"
          },
          "sensitive_attributes": [],
          "private": "bnVsbA=="
        }
      ]
    },
    {
      "module": "module.lambda_subscribe",
      "mode": "managed",
      "type": "aws_iam_role_policy",
      "name": "sns_publish_policy",
      "provider": "provider[\"registry.terraform.io/hashicorp/aws\"]",
      "instances": [
        {
          "schema_version": 0,
          "attributes": {
            "id": "SubscribeHandler_exec_role:SubscribeHandler_sns_publish_policy",
            "name": "SubscribeHandler_sns_publish_policy",
            "name_prefix": "",
            "policy": "{\"Version\":\"2012-10-17\",\"Statement\":[{\"Action\":[\"sns:*\"],\"Effect\":\"Allow\",\"Resource\":\"arn:aws:sns:us-east-2:864981735718:event-announcement-topic\",\"Sid\":\"AllowSNSPublish\"}]}",
            "role": "SubscribeHandler_exec_role"
          },
          "sensitive_attributes": [],
          "private": "bnVsbA==",
          "dependencies": [
            "module.lambda_subscribe.aws_iam_role.lambda_exec",
            "module.sns.aws_sns_topic.event_topic"
          ]
        }
      ]
    },
    {
      "module": "module.lambda_subscribe",
      "mode": "managed",
      "type": "aws_iam_role_policy_attachment",
      "name": "lambda_basic_exec",
      "provider": "provider[\"registry.terraform.io/hashicorp/aws\"]",
      "instances": [
        {
          "schema_version": 0,
          "attributes": {
            "id": "SubscribeHandler_exec_role-20250623190203017500000001",
            "policy_arn": "arn:aws:iam::aws:policy/service-role/AWSLambdaBasicExecutionRole",
            "role": "SubscribeHandler_exec_role"
          },
          "sensitive_attributes": [],
          "private": "bnVsbA==",
          "dependencies": [
            "module.lambda_subscribe.aws_iam_role.lambda_exec"
          ]
        }
      ]
    },
    {
      "module": "module.lambda_subscribe",
      "mode": "managed",
      "type": "aws_lambda_function",
      "name": "lambda_func",
      "provider": "provider[\"registry.terraform.io/hashicorp/aws\"]",
      "instances": [
        {
          "schema_version": 0,
          "attributes": {
            "architectures": [
              "x86_64"
            ],
            "arn": "arn:aws:lambda:us-east-2:864981735718:function:SubscribeHandler",
            "code_sha256": "Ih90tEqJSXRnhw9QOYENaHBOwY5BKh9VJTiR0OWWKpw=",
            "code_signing_config_arn": "",
            "dead_letter_config": [],
            "description": "",
            "environment": [
              {
                "variables": {
                  "SNS_TOPIC_ARN": "arn:aws:sns:us-east-2:864981735718:event-announcement-topic"
                }
              }
            ],
            "ephemeral_storage": [
              {
                "size": 512
              }
            ],
            "file_system_config": [],
            "filename": "./lambda/subscribe/subscribe.zip",
            "function_name": "SubscribeHandler",
            "handler": "index.subscribeHandler",
            "id": "SubscribeHandler",
            "image_config": [],
            "image_uri": "",
            "invoke_arn": "arn:aws:apigateway:us-east-2:lambda:path/2015-03-31/functions/arn:aws:lambda:us-east-2:864981735718:function:SubscribeHandler/invocations",
            "kms_key_arn": "",
            "last_modified": "2025-06-23T19:02:16.051+0000",
            "layers": [],
            "logging_config": [
              {
                "application_log_level": "",
                "log_format": "Text",
                "log_group": "/aws/lambda/SubscribeHandler",
                "system_log_level": ""
              }
            ],
            "memory_size": 128,
            "package_type": "Zip",
            "publish": false,
            "qualified_arn": "arn:aws:lambda:us-east-2:864981735718:function:SubscribeHandler:$LATEST",
            "qualified_invoke_arn": "arn:aws:apigateway:us-east-2:lambda:path/2015-03-31/functions/arn:aws:lambda:us-east-2:864981735718:function:SubscribeHandler:$LATEST/invocations",
            "region": "us-east-2",
            "replace_security_groups_on_destroy": null,
            "replacement_security_group_ids": null,
            "reserved_concurrent_executions": -1,
            "role": "arn:aws:iam::864981735718:role/SubscribeHandler_exec_role",
            "runtime": "nodejs16.x",
            "s3_bucket": null,
            "s3_key": null,
            "s3_object_version": null,
            "signing_job_arn": "",
            "signing_profile_version_arn": "",
            "skip_destroy": false,
            "snap_start": [],
            "source_code_hash": "Ih90tEqJSXRnhw9QOYENaHBOwY5BKh9VJTiR0OWWKpw=",
            "source_code_size": 714,
            "tags": {
              "Environment": "production",
              "Project": "EventAnnouncementSystem"
            },
            "tags_all": {
              "Environment": "production",
              "Project": "EventAnnouncementSystem"
            },
            "timeout": 3,
            "timeouts": null,
            "tracing_config": [
              {
                "mode": "PassThrough"
              }
            ],
            "version": "$LATEST",
            "vpc_config": []
          },
          "sensitive_attributes": [],
          "private": "eyJlMmJmYjczMC1lY2FhLTExZTYtOGY4OC0zNDM2M2JjN2M0YzAiOnsiY3JlYXRlIjo2MDAwMDAwMDAwMDAsImRlbGV0ZSI6NjAwMDAwMDAwMDAwLCJ1cGRhdGUiOjYwMDAwMDAwMDAwMH19",
          "dependencies": [
            "module.lambda_subscribe.aws_iam_role.lambda_exec",
            "module.sns.aws_sns_topic.event_topic"
          ]
        }
      ]
    },
    {
      "module": "module.s3_website",
      "mode": "managed",
      "type": "aws_s3_bucket",
      "name": "website",
      "provider": "provider[\"registry.terraform.io/hashicorp/aws\"]",
      "instances": [
        {
          "schema_version": 0,
          "attributes": {
            "acceleration_status": "",
            "acl": null,
            "arn": "arn:aws:s3:::event-announcement-website-kelechi",
            "bucket": "event-announcement-website-kelechi",
            "bucket_domain_name": "event-announcement-website-kelechi.s3.amazonaws.com",
            "bucket_prefix": "",
            "bucket_region": "us-east-2",
            "bucket_regional_domain_name": "event-announcement-website-kelechi.s3.us-east-2.amazonaws.com",
            "cors_rule": [],
            "force_destroy": false,
            "grant": [
              {
                "id": "65a839f51d6d5f5bed03f137990d2bdca446edcd2b51e4aeeac4efb92df23719",
                "permissions": [
                  "FULL_CONTROL"
                ],
                "type": "CanonicalUser",
                "uri": ""
              }
            ],
            "hosted_zone_id": "Z2O1EMRO9K5GLX",
            "id": "event-announcement-website-kelechi",
            "lifecycle_rule": [],
            "logging": [],
            "object_lock_configuration": [],
            "object_lock_enabled": false,
            "policy": "{\"Statement\":[{\"Action\":\"s3:GetObject\",\"Effect\":\"Allow\",\"Principal\":\"*\",\"Resource\":\"arn:aws:s3:::event-announcement-website-kelechi/*\",\"Sid\":\"PublicReadGetObject\"}],\"Version\":\"2012-10-17\"}",
            "region": "us-east-2",
            "replication_configuration": [],
            "request_payer": "BucketOwner",
            "server_side_encryption_configuration": [
              {
                "rule": [
                  {
                    "apply_server_side_encryption_by_default": [
                      {
                        "kms_master_key_id": "",
                        "sse_algorithm": "AES256"
                      }
                    ],
                    "bucket_key_enabled": false
                  }
                ]
              }
            ],
            "tags": {
              "Environment": "production",
              "Project": "EventAnnouncementSystem"
            },
            "tags_all": {
              "Environment": "production",
              "Project": "EventAnnouncementSystem"
            },
            "timeouts": null,
            "versioning": [
              {
                "enabled": false,
                "mfa_delete": false
              }
            ],
            "website": [
              {
                "error_document": "index.html",
                "index_document": "index.html",
                "redirect_all_requests_to": "",
                "routing_rules": ""
              }
            ],
            "website_domain": "s3-website.us-east-2.amazonaws.com",
            "website_endpoint": "event-announcement-website-kelechi.s3-website.us-east-2.amazonaws.com"
          },
          "sensitive_attributes": [],
          "private": "eyJlMmJmYjczMC1lY2FhLTExZTYtOGY4OC0zNDM2M2JjN2M0YzAiOnsiY3JlYXRlIjoxMjAwMDAwMDAwMDAwLCJkZWxldGUiOjM2MDAwMDAwMDAwMDAsInJlYWQiOjEyMDAwMDAwMDAwMDAsInVwZGF0ZSI6MTIwMDAwMDAwMDAwMH19"
        }
      ]
    },
    {
      "module": "module.s3_website",
      "mode": "managed",
      "type": "aws_s3_bucket_policy",
      "name": "website_policy",
      "provider": "provider[\"registry.terraform.io/hashicorp/aws\"]",
      "instances": [
        {
          "schema_version": 0,
          "attributes": {
            "bucket": "event-announcement-website-kelechi",
            "id": "event-announcement-website-kelechi",
            "policy": "{\"Statement\":[{\"Action\":\"s3:GetObject\",\"Effect\":\"Allow\",\"Principal\":\"*\",\"Resource\":\"arn:aws:s3:::event-announcement-website-kelechi/*\",\"Sid\":\"PublicReadGetObject\"}],\"Version\":\"2012-10-17\"}",
            "region": "us-east-2"
          },
          "sensitive_attributes": [],
          "private": "bnVsbA==",
          "dependencies": [
            "module.s3_website.aws_s3_bucket.website",
            "module.s3_website.aws_s3_bucket_public_access_block.allow_public_access"
          ]
        }
      ]
    },
    {
      "module": "module.s3_website",
      "mode": "managed",
      "type": "aws_s3_bucket_public_access_block",
      "name": "allow_public_access",
      "provider": "provider[\"registry.terraform.io/hashicorp/aws\"]",
      "instances": [
        {
          "schema_version": 0,
          "attributes": {
            "block_public_acls": false,
            "block_public_policy": false,
            "bucket": "event-announcement-website-kelechi",
            "id": "event-announcement-website-kelechi",
            "ignore_public_acls": false,
            "region": "us-east-2",
            "restrict_public_buckets": false
          },
          "sensitive_attributes": [],
          "private": "bnVsbA==",
          "dependencies": [
            "module.s3_website.aws_s3_bucket.website"
          ]
        }
      ]
    },
    {
      "module": "module.s3_website",
      "mode": "managed",
      "type": "aws_s3_bucket_website_configuration",
      "name": "website_config",
      "provider": "provider[\"registry.terraform.io/hashicorp/aws\"]",
      "instances": [
        {
          "schema_version": 0,
          "attributes": {
            "bucket": "event-announcement-website-kelechi",
            "error_document": [
              {
                "key": "index.html"
              }
            ],
            "expected_bucket_owner": "",
            "id": "event-announcement-website-kelechi",
            "index_document": [
              {
                "suffix": "index.html"
              }
            ],
            "redirect_all_requests_to": [],
            "region": "us-east-2",
            "routing_rule": [],
            "routing_rules": "",
            "website_domain": "s3-website.us-east-2.amazonaws.com",
            "website_endpoint": "event-announcement-website-kelechi.s3-website.us-east-2.amazonaws.com"
          },
          "sensitive_attributes": [],
          "private": "bnVsbA==",
          "dependencies": [
            "module.s3_website.aws_s3_bucket.website"
          ]
        }
      ]
    },
    {
      "module": "module.s3_website",
      "mode": "managed",
      "type": "aws_s3_object",
      "name": "index",
      "provider": "provider[\"registry.terraform.io/hashicorp/aws\"]",
      "instances": [
        {
          "schema_version": 0,
          "attributes": {
            "acl": null,
            "arn": "arn:aws:s3:::event-announcement-website-kelechi/index.html",
            "bucket": "event-announcement-website-kelechi",
            "bucket_key_enabled": false,
            "cache_control": "",
            "checksum_algorithm": null,
            "checksum_crc32": "",
            "checksum_crc32c": "",
            "checksum_crc64nvme": "",
            "checksum_sha1": "",
            "checksum_sha256": "",
            "content": null,
            "content_base64": null,
            "content_disposition": "",
            "content_encoding": "",
            "content_language": "",
            "content_type": "text/html",
            "etag": "5f7911dad8ce606169f3a3392e8a1bed",
            "force_destroy": false,
            "id": "index.html",
            "key": "index.html",
            "kms_key_id": null,
            "metadata": {},
            "object_lock_legal_hold_status": "",
            "object_lock_mode": "",
            "object_lock_retain_until_date": "",
            "override_provider": [],
            "region": "us-east-2",
            "server_side_encryption": "AES256",
            "source": "s3/index.html",
            "source_hash": null,
            "storage_class": "STANDARD",
            "tags": {},
            "tags_all": {},
            "version_id": "",
            "website_redirect": ""
          },
          "sensitive_attributes": [],
          "private": "bnVsbA==",
          "dependencies": [
            "module.s3_website.aws_s3_bucket.website"
          ]
        }
      ]
    },
    {
      "module": "module.s3_website",
      "mode": "managed",
      "type": "aws_s3_object",
      "name": "style",
      "provider": "provider[\"registry.terraform.io/hashicorp/aws\"]",
      "instances": [
        {
          "schema_version": 0,
          "attributes": {
            "acl": null,
            "arn": "arn:aws:s3:::event-announcement-website-kelechi/style.css",
            "bucket": "event-announcement-website-kelechi",
            "bucket_key_enabled": false,
            "cache_control": "",
            "checksum_algorithm": null,
            "checksum_crc32": "",
            "checksum_crc32c": "",
            "checksum_crc64nvme": "",
            "checksum_sha1": "",
            "checksum_sha256": "",
            "content": null,
            "content_base64": null,
            "content_disposition": "",
            "content_encoding": "",
            "content_language": "",
            "content_type": "text/css",
            "etag": "bb05c51b5e5b70523f690e0d0e310c7d",
            "force_destroy": false,
            "id": "style.css",
            "key": "style.css",
            "kms_key_id": null,
            "metadata": {},
            "object_lock_legal_hold_status": "",
            "object_lock_mode": "",
            "object_lock_retain_until_date": "",
            "override_provider": [],
            "region": "us-east-2",
            "server_side_encryption": "AES256",
            "source": "s3/style.css",
            "source_hash": null,
            "storage_class": "STANDARD",
            "tags": {},
            "tags_all": {},
            "version_id": "",
            "website_redirect": ""
          },
          "sensitive_attributes": [],
          "private": "bnVsbA==",
          "dependencies": [
            "module.s3_website.aws_s3_bucket.website"
          ]
        }
      ]
    },
    {
      "module": "module.sns",
      "mode": "managed",
      "type": "aws_sns_topic",
      "name": "event_topic",
      "provider": "provider[\"registry.terraform.io/hashicorp/aws\"]",
      "instances": [
        {
          "schema_version": 0,
          "attributes": {
            "application_failure_feedback_role_arn": "",
            "application_success_feedback_role_arn": "",
            "application_success_feedback_sample_rate": 0,
            "archive_policy": "",
            "arn": "arn:aws:sns:us-east-2:864981735718:event-announcement-topic",
            "beginning_archive_time": "",
            "content_based_deduplication": false,
            "delivery_policy": "",
            "display_name": "",
            "fifo_throughput_scope": "",
            "fifo_topic": false,
            "firehose_failure_feedback_role_arn": "",
            "firehose_success_feedback_role_arn": "",
            "firehose_success_feedback_sample_rate": 0,
            "http_failure_feedback_role_arn": "",
            "http_success_feedback_role_arn": "",
            "http_success_feedback_sample_rate": 0,
            "id": "arn:aws:sns:us-east-2:864981735718:event-announcement-topic",
            "kms_master_key_id": "",
            "lambda_failure_feedback_role_arn": "",
            "lambda_success_feedback_role_arn": "",
            "lambda_success_feedback_sample_rate": 0,
            "name": "event-announcement-topic",
            "name_prefix": "",
            "owner": "864981735718",
            "policy": "{\"Id\":\"__default_policy_ID\",\"Statement\":[{\"Action\":[\"SNS:GetTopicAttributes\",\"SNS:SetTopicAttributes\",\"SNS:AddPermission\",\"SNS:RemovePermission\",\"SNS:DeleteTopic\",\"SNS:Subscribe\",\"SNS:ListSubscriptionsByTopic\",\"SNS:Publish\"],\"Condition\":{\"StringEquals\":{\"AWS:SourceOwner\":\"864981735718\"}},\"Effect\":\"Allow\",\"Principal\":{\"AWS\":\"*\"},\"Resource\":\"arn:aws:sns:us-east-2:864981735718:event-announcement-topic\",\"Sid\":\"__default_statement_ID\"}],\"Version\":\"2008-10-17\"}",
            "region": "us-east-2",
            "signature_version": 0,
            "sqs_failure_feedback_role_arn": "",
            "sqs_success_feedback_role_arn": "",
            "sqs_success_feedback_sample_rate": 0,
            "tags": {
              "Environment": "production",
              "Project": "EventAnnouncementSystem"
            },
            "tags_all": {
              "Environment": "production",
              "Project": "EventAnnouncementSystem"
            },
            "tracing_config": ""
          },
          "sensitive_attributes": [],
          "private": "bnVsbA=="
        }
      ]
    }
  ],
  "check_results": null
}
